<?xml version="1.0" encoding="utf-8"?>
<Project ToolsVersion="4.0" xmlns="http://schemas.microsoft.com/developer/msbuild/2003">
  <ItemGroup>
    <ClCompile Include="..\..\..\..\src\cb2a.c">
      <Filter>src</Filter>
    </ClCompile>
    <ClCompile Include="..\..\..\..\src\cgi.c">
      <Filter>src</Filter>
    </ClCompile>
    <ClCompile Include="..\..\..\..\src\database.c">
      <Filter>src</Filter>
    </ClCompile>
    <ClCompile Include="..\..\..\..\src\dg.c">
      <Filter>src</Filter>
    </ClCompile>
    <ClCompile Include="..\..\..\..\src\dns.c">
      <Filter>src</Filter>
    </ClCompile>
    <ClCompile Include="..\..\..\..\src\dnscomp.c">
      <Filter>src</Filter>
    </ClCompile>
    <ClCompile Include="..\..\..\..\src\fiop.c">
      <Filter>src</Filter>
    </ClCompile>
    <ClCompile Include="..\..\..\..\src\ftp.c">
      <Filter>src</Filter>
    </ClCompile>
    <ClCompile Include="..\..\..\..\src\http.c">
      <Filter>src</Filter>
    </ClCompile>
    <ClCompile Include="..\..\..\..\src\json.c">
      <Filter>src</Filter>
    </ClCompile>
    <ClCompile Include="..\..\..\..\src\mail.c">
      <Filter>src</Filter>
    </ClCompile>
    <ClCompile Include="..\..\..\..\src\mime.c">
      <Filter>src</Filter>
    </ClCompile>
    <ClCompile Include="..\..\..\..\src\mt.c">
      <Filter>src</Filter>
    </ClCompile>
    <ClCompile Include="..\..\..\..\src\mx.c">
      <Filter>src</Filter>
    </ClCompile>
    <ClCompile Include="..\..\..\..\src\mxmanager.c">
      <Filter>src</Filter>
    </ClCompile>
    <ClCompile Include="..\..\..\..\src\mxutil.c">
      <Filter>src</Filter>
    </ClCompile>
    <ClCompile Include="..\..\..\..\src\oscom.c">
      <Filter>src</Filter>
    </ClCompile>
    <ClCompile Include="..\..\..\..\src\osdate.c">
      <Filter>src</Filter>
    </ClCompile>
    <ClCompile Include="..\..\..\..\src\osdb.c">
      <Filter>src</Filter>
    </ClCompile>
    <ClCompile Include="..\..\..\..\src\osio.c">
      <Filter>src</Filter>
    </ClCompile>
    <ClCompile Include="..\..\..\..\src\oslist.c">
      <Filter>src</Filter>
    </ClCompile>
    <ClCompile Include="..\..\..\..\src\osmatch.c">
      <Filter>src</Filter>
    </ClCompile>
    <ClCompile Include="..\..\..\..\src\osreslex.c">
      <Filter>src</Filter>
    </ClCompile>
    <ClCompile Include="..\..\..\..\src\osresyac.c">
      <Filter>src</Filter>
    </ClCompile>
    <ClCompile Include="..\..\..\..\src\ostrace.c">
      <Filter>src</Filter>
    </ClCompile>
    <ClCompile Include="..\..\..\..\src\pop.c">
      <Filter>src</Filter>
    </ClCompile>
    <ClCompile Include="..\..\..\..\src\sc.c">
      <Filter>src</Filter>
    </ClCompile>
    <ClCompile Include="..\..\..\..\src\scaction.c">
      <Filter>src</Filter>
    </ClCompile>
    <ClCompile Include="..\..\..\..\src\sclex.c">
      <Filter>src</Filter>
    </ClCompile>
    <ClCompile Include="..\..\..\..\src\scparse.c">
      <Filter>src</Filter>
    </ClCompile>
    <ClCompile Include="..\..\..\..\src\scproc.c">
      <Filter>src</Filter>
    </ClCompile>
    <ClCompile Include="..\..\..\..\src\scprocio.c">
      <Filter>src</Filter>
    </ClCompile>
    <ClCompile Include="..\..\..\..\src\scprocmx.c">
      <Filter>src</Filter>
    </ClCompile>
    <ClCompile Include="..\..\..\..\src\scprocop.c">
      <Filter>src</Filter>
    </ClCompile>
    <ClCompile Include="..\..\..\..\src\scsys.c">
      <Filter>src</Filter>
    </ClCompile>
    <ClCompile Include="..\..\..\..\src\scyacc.c">
      <Filter>src</Filter>
    </ClCompile>
    <ClCompile Include="..\..\..\..\src\sha256.c">
      <Filter>src</Filter>
    </ClCompile>
    <ClCompile Include="..\..\..\..\src\smtp.c">
      <Filter>src</Filter>
    </ClCompile>
    <ClCompile Include="..\..\..\..\src\sqlodbc.c">
      <Filter>src</Filter>
    </ClCompile>
    <ClCompile Include="..\..\..\..\src\sqlora.c">
      <Filter>src</Filter>
    </ClCompile>
    <ClCompile Include="..\..\..\..\src\tcp.c">
      <Filter>src</Filter>
    </ClCompile>
    <ClCompile Include="..\..\..\..\src\tp.c">
      <Filter>src</Filter>
    </ClCompile>
    <ClCompile Include="..\..\..\..\src\xf.c">
      <Filter>src</Filter>
    </ClCompile>
  </ItemGroup>
  <ItemGroup>
    <Filter Include="src">
      <UniqueIdentifier>{1e730689-be03-4cc7-8d5a-5dddbcda7454}</UniqueIdentifier>
    </Filter>
    <Filter Include="include">
      <UniqueIdentifier>{6027d6df-a44c-4864-a5b1-e9f9a6156244}</UniqueIdentifier>
    </Filter>
  </ItemGroup>
  <ItemGroup>
    <ClInclude Include="pch.h">
      <Filter>src</Filter>
    </ClInclude>
    <ClInclude Include="..\..\..\..\include\cb2a.h">
      <Filter>include</Filter>
    </ClInclude>
    <ClInclude Include="..\..\..\..\include\cgi.h">
      <Filter>include</Filter>
    </ClInclude>
    <ClInclude Include="..\..\..\..\include\database.h">
      <Filter>include</Filter>
    </ClInclude>
    <ClInclude Include="..\..\..\..\include\dg.h">
      <Filter>include</Filter>
    </ClInclude>
    <ClInclude Include="..\..\..\..\include\dns.h">
      <Filter>include</Filter>
    </ClInclude>
    <ClInclude Include="..\..\..\..\include\fiop.h">
      <Filter>include</Filter>
    </ClInclude>
    <ClInclude Include="..\..\..\..\include\ftp.h">
      <Filter>include</Filter>
    </ClInclude>
    <ClInclude Include="..\..\..\..\include\http.h">
      <Filter>include</Filter>
    </ClInclude>
    <ClInclude Include="..\..\..\..\include\ip_icmp.h">
      <Filter>include</Filter>
    </ClInclude>
    <ClInclude Include="..\..\..\..\include\json.h">
      <Filter>include</Filter>
    </ClInclude>
    <ClInclude Include="..\..\..\..\include\mail.h">
      <Filter>include</Filter>
    </ClInclude>
    <ClInclude Include="..\..\..\..\include\mt.h">
      <Filter>include</Filter>
    </ClInclude>
    <ClInclude Include="..\..\..\..\include\mx.h">
      <Filter>include</Filter>
    </ClInclude>
    <ClInclude Include="..\..\..\..\include\mxmanager.h">
      <Filter>include</Filter>
    </ClInclude>
    <ClInclude Include="..\..\..\..\include\oscom.h">
      <Filter>include</Filter>
    </ClInclude>
    <ClInclude Include="..\..\..\..\include\osdate.h">
      <Filter>include</Filter>
    </ClInclude>
    <ClInclude Include="..\..\..\..\include\osdb.h">
      <Filter>include</Filter>
    </ClInclude>
    <ClInclude Include="..\..\..\..\include\osdbsta.h">
      <Filter>include</Filter>
    </ClInclude>
    <ClInclude Include="..\..\..\..\include\osdraw.h">
      <Filter>include</Filter>
    </ClInclude>
    <ClInclude Include="..\..\..\..\include\osio.h">
      <Filter>include</Filter>
    </ClInclude>
    <ClInclude Include="..\..\..\..\include\osip.h">
      <Filter>include</Filter>
    </ClInclude>
    <ClInclude Include="..\..\..\..\include\oslist.h">
      <Filter>include</Filter>
    </ClInclude>
    <ClInclude Include="..\..\..\..\include\osmatch.h">
      <Filter>include</Filter>
    </ClInclude>
    <ClInclude Include="..\..\..\..\include\osreslex.h">
      <Filter>include</Filter>
    </ClInclude>
    <ClInclude Include="..\..\..\..\include\osresyac.h">
      <Filter>include</Filter>
    </ClInclude>
    <ClInclude Include="..\..\..\..\include\ostrace.h">
      <Filter>include</Filter>
    </ClInclude>
    <ClInclude Include="..\..\..\..\include\ostypes.h">
      <Filter>include</Filter>
    </ClInclude>
    <ClInclude Include="..\..\..\..\include\pop.h">
      <Filter>include</Filter>
    </ClInclude>
    <ClInclude Include="..\..\..\..\include\sc.h">
      <Filter>include</Filter>
    </ClInclude>
    <ClInclude Include="..\..\..\..\include\sclex.h">
      <Filter>include</Filter>
    </ClInclude>
    <ClInclude Include="..\..\..\..\include\scly.h">
      <Filter>include</Filter>
    </ClInclude>
    <ClInclude Include="..\..\..\..\include\scyacc.h">
      <Filter>include</Filter>
    </ClInclude>
    <ClInclude Include="..\..\..\..\include\sha256.h">
      <Filter>include</Filter>
    </ClInclude>
    <ClInclude Include="..\..\..\..\include\smtp.h">
      <Filter>include</Filter>
    </ClInclude>
    <ClInclude Include="..\..\..\..\include\tcp.h">
      <Filter>include</Filter>
    </ClInclude>
    <ClInclude Include="..\..\..\..\include\tp.h">
      <Filter>include</Filter>
    </ClInclude>
    <ClInclude Include="..\..\..\..\include\xf.h">
      <Filter>include</Filter>
    </ClInclude>
  </ItemGroup>
</Project>