Microsoft Visual Studio Solution File, Format Version 7.00
Project("{8BC9CEB8-8B4A-11D0-8D11-00A0C91BC942}") = "SetDataBase", "..\SetDataBase\SetDataBase.vcproj", "{6F5BB88A-7A4A-4AE1-91B1-F003E150E58C}"
EndProject
Global
	GlobalSection(SolutionConfiguration) = preSolution
		ConfigName.0 = Debug
		ConfigName.1 = Release
	EndGlobalSection
	GlobalSection(ProjectDependencies) = postSolution
	EndGlobalSection
	GlobalSection(ProjectConfiguration) = postSolution
		{6F5BB88A-7A4A-4AE1-91B1-F003E150E58C}.Debug.ActiveCfg = Debug|Win32
		{6F5BB88A-7A4A-4AE1-91B1-F003E150E58C}.Debug.Build.0 = Debug|Win32
		{6F5BB88A-7A4A-4AE1-91B1-F003E150E58C}.Release.ActiveCfg = Release|Win32
		{6F5BB88A-7A4A-4AE1-91B1-F003E150E58C}.Release.Build.0 = Release|Win32
	EndGlobalSection
	GlobalSection(ExtensibilityGlobals) = postSolution
	EndGlobalSection
	GlobalSection(ExtensibilityAddIns) = postSolution
	EndGlobalSection
EndGlobal
